
Microsoft Visual Studio Solution File, Format Version 12.00
# Visual Studio Version 16
VisualStudioVersion = 16.0.30225.117
MinimumVisualStudioVersion = 10.0.40219.1
Project("{FAE04EC0-301F-11D3-BF4B-00C04F79EFBC}") = "Stok Takip", "Stok Takip\Stok Takip.csproj", "{05E45644-769B-4C08-B2EC-85E16A5A8FA7}"
EndProject
Global
	GlobalSection(SolutionConfigurationPlatforms) = preSolution
		Debug|Any CPU = Debug|Any CPU
		Release|Any CPU = Release|Any CPU
	EndGlobalSection
	GlobalSection(ProjectConfigurationPlatforms) = postSolution
		{05E45644-769B-4C08-B2EC-85E16A5A8FA7}.Debug|Any CPU.ActiveCfg = Debug|Any CPU
		{05E45644-769B-4C08-B2EC-85E16A5A8FA7}.Debug|Any CPU.Build.0 = Debug|Any CPU
		{05E45644-769B-4C08-B2EC-85E16A5A8FA7}.Release|Any CPU.ActiveCfg = Release|Any CPU
		{05E45644-769B-4C08-B2EC-85E16A5A8FA7}.Release|Any CPU.Build.0 = Release|Any CPU
	EndGlobalSection
	GlobalSection(SolutionProperties) = preSolution
		HideSolutionNode = FALSE
	EndGlobalSection
	GlobalSection(ExtensibilityGlobals) = postSolution
		SolutionGuid = {27294EB4-A624-4626-B1B5-EF4F72544D9D}
	EndGlobalSection
EndGlobal
